
Microsoft Visual Studio Solution File, Format Version 12.00
# Visual Studio Version 17
VisualStudioVersion = 17.8.34330.188
MinimumVisualStudioVersion = 10.0.40219.1
Project("{FAE04EC0-301F-11D3-BF4B-00C04F79EFBC}") = "BlazorServer_MiniProject", "BlazorServer_MiniProject\BlazorServer_MiniProject.csproj", "{CEA7C6A2-3E28-4E55-8F20-22D4B7B43FEC}"
EndProject
Global
	GlobalSection(SolutionConfigurationPlatforms) = preSolution
		Debug|Any CPU = Debug|Any CPU
		Release|Any CPU = Release|Any CPU
	EndGlobalSection
	GlobalSection(ProjectConfigurationPlatforms) = postSolution
		{CEA7C6A2-3E28-4E55-8F20-22D4B7B43FEC}.Debug|Any CPU.ActiveCfg = Debug|Any CPU
		{CEA7C6A2-3E28-4E55-8F20-22D4B7B43FEC}.Debug|Any CPU.Build.0 = Debug|Any CPU
		{CEA7C6A2-3E28-4E55-8F20-22D4B7B43FEC}.Release|Any CPU.ActiveCfg = Release|Any CPU
		{CEA7C6A2-3E28-4E55-8F20-22D4B7B43FEC}.Release|Any CPU.Build.0 = Release|Any CPU
	EndGlobalSection
	GlobalSection(SolutionProperties) = preSolution
		HideSolutionNode = FALSE
	EndGlobalSection
	GlobalSection(ExtensibilityGlobals) = postSolution
		SolutionGuid = {11847C0C-1FF3-46A8-A66E-D29297E55F6D}
	EndGlobalSection
EndGlobal
